// !$*UTF8*$!
{
	archiveVersion = 1;
	classes = {
	};
	objectVersion = 70;
	objects = {

/* Begin PBXBuildFile section */
		1A6D9A112C9048EF00562D09 /* MoviesAppSwiftUICombineAppApp.swift in Sources */ = {isa = PBXBuildFile; fileRef = 1A6D9A102C9048EF00562D09 /* MoviesAppSwiftUICombineAppApp.swift */; };
		1A6D9A132C9048EF00562D09 /* ContentView.swift in Sources */ = {isa = PBXBuildFile; fileRef = 1A6D9A122C9048EF00562D09 /* ContentView.swift */; };
		1A6D9A152C9048F100562D09 /* Assets.xcassets in Resources */ = {isa = PBXBuildFile; fileRef = 1A6D9A142C9048F100562D09 /* Assets.xcassets */; };
		1A6D9A182C9048F100562D09 /* Preview Assets.xcassets in Resources */ = {isa = PBXBuildFile; fileRef = 1A6D9A172C9048F100562D09 /* Preview Assets.xcassets */; };
		1A6D9A202C90498E00562D09 /* String+Extensions.swift in Sources */ = {isa = PBXBuildFile; fileRef = 1A6D9A1F2C90498E00562D09 /* String+Extensions.swift */; };
		1A6D9A232C9049BB00562D09 /* HTTPClient.swift in Sources */ = {isa = PBXBuildFile; fileRef = 1A6D9A222C9049BB00562D09 /* HTTPClient.swift */; };
		1A6D9A262C9049E400562D09 /* Movie.swift in Sources */ = {isa = PBXBuildFile; fileRef = 1A6D9A252C9049E400562D09 /* Movie.swift */; };
		1ADA1E322C92EF3E00DF9B15 /* HTTPClient.swift in Sources */ = {isa = PBXBuildFile; fileRef = 1A6D9A222C9049BB00562D09 /* HTTPClient.swift */; };
		1ADA1E332C92EF5000DF9B15 /* Movie.swift in Sources */ = {isa = PBXBuildFile; fileRef = 1A6D9A252C9049E400562D09 /* Movie.swift */; };
		1ADA1E342C92EF5E00DF9B15 /* String+Extensions.swift in Sources */ = {isa = PBXBuildFile; fileRef = 1A6D9A1F2C90498E00562D09 /* String+Extensions.swift */; };
/* End PBXBuildFile section */

/* Begin PBXContainerItemProxy section */
		1ADA1E2D2C92EEC600DF9B15 /* PBXContainerItemProxy */ = {
			isa = PBXContainerItemProxy;
			containerPortal = 1A6D9A052C9048EF00562D09 /* Project object */;
			proxyType = 1;
			remoteGlobalIDString = 1A6D9A0C2C9048EF00562D09;
			remoteInfo = MoviesAppSwiftUICombineApp;
		};
/* End PBXContainerItemProxy section */

/* Begin PBXFileReference section */
		1A6D9A0D2C9048EF00562D09 /* MoviesAppSwiftUICombineApp.app */ = {isa = PBXFileReference; explicitFileType = wrapper.application; includeInIndex = 0; path = MoviesAppSwiftUICombineApp.app; sourceTree = BUILT_PRODUCTS_DIR; };
		1A6D9A102C9048EF00562D09 /* MoviesAppSwiftUICombineAppApp.swift */ = {isa = PBXFileReference; lastKnownFileType = sourcecode.swift; path = MoviesAppSwiftUICombineAppApp.swift; sourceTree = "<group>"; };
		1A6D9A122C9048EF00562D09 /* ContentView.swift */ = {isa = PBXFileReference; lastKnownFileType = sourcecode.swift; path = ContentView.swift; sourceTree = "<group>"; };
		1A6D9A142C9048F100562D09 /* Assets.xcassets */ = {isa = PBXFileReference; lastKnownFileType = folder.assetcatalog; path = Assets.xcassets; sourceTree = "<group>"; };
		1A6D9A172C9048F100562D09 /* Preview Assets.xcassets */ = {isa = PBXFileReference; lastKnownFileType = folder.assetcatalog; path = "Preview Assets.xcassets"; sourceTree = "<group>"; };
		1A6D9A1F2C90498E00562D09 /* String+Extensions.swift */ = {isa = PBXFileReference; lastKnownFileType = sourcecode.swift; path = "String+Extensions.swift"; sourceTree = "<group>"; };
		1A6D9A222C9049BB00562D09 /* HTTPClient.swift */ = {isa = PBXFileReference; lastKnownFileType = sourcecode.swift; path = HTTPClient.swift; sourceTree = "<group>"; };
		1A6D9A252C9049E400562D09 /* Movie.swift */ = {isa = PBXFileReference; lastKnownFileType = sourcecode.swift; path = Movie.swift; sourceTree = "<group>"; };
		1ADA1E292C92EEC600DF9B15 /* MoviesAppSwiftUICombineAppTests.xctest */ = {isa = PBXFileReference; explicitFileType = wrapper.cfbundle; includeInIndex = 0; path = MoviesAppSwiftUICombineAppTests.xctest; sourceTree = BUILT_PRODUCTS_DIR; };
/* End PBXFileReference section */

/* Begin PBXFileSystemSynchronizedRootGroup section */
		1ADA1E2A2C92EEC600DF9B15 /* MoviesAppSwiftUICombineAppTests */ = {isa = PBXFileSystemSynchronizedRootGroup; explicitFileTypes = {}; explicitFolders = (); path = MoviesAppSwiftUICombineAppTests; sourceTree = "<group>"; };
/* End PBXFileSystemSynchronizedRootGroup section */

/* Begin PBXFrameworksBuildPhase section */
		1A6D9A0A2C9048EF00562D09 /* Frameworks */ = {
			isa = PBXFrameworksBuildPhase;
			buildActionMask = 2147483647;
			files = (
			);
			runOnlyForDeploymentPostprocessing = 0;
		};
		1ADA1E262C92EEC600DF9B15 /* Frameworks */ = {
			isa = PBXFrameworksBuildPhase;
			buildActionMask = 2147483647;
			files = (
			);
			runOnlyForDeploymentPostprocessing = 0;
		};
/* End PBXFrameworksBuildPhase section */

/* Begin PBXGroup section */
		1A6D9A042C9048EF00562D09 = {
			isa = PBXGroup;
			children = (
				1A6D9A0F2C9048EF00562D09 /* MoviesAppSwiftUICombineApp */,
				1ADA1E2A2C92EEC600DF9B15 /* MoviesAppSwiftUICombineAppTests */,
				1A6D9A0E2C9048EF00562D09 /* Products */,
			);
			sourceTree = "<group>";
		};
		1A6D9A0E2C9048EF00562D09 /* Products */ = {
			isa = PBXGroup;
			children = (
				1A6D9A0D2C9048EF00562D09 /* MoviesAppSwiftUICombineApp.app */,
				1ADA1E292C92EEC600DF9B15 /* MoviesAppSwiftUICombineAppTests.xctest */,
			);
			name = Products;
			sourceTree = "<group>";
		};
		1A6D9A0F2C9048EF00562D09 /* MoviesAppSwiftUICombineApp */ = {
			isa = PBXGroup;
			children = (
				1A6D9A242C9049D900562D09 /* Models */,
				1A6D9A212C9049AE00562D09 /* Clients */,
				1A6D9A1E2C90496F00562D09 /* Extensions */,
				1A6D9A102C9048EF00562D09 /* MoviesAppSwiftUICombineAppApp.swift */,
				1A6D9A122C9048EF00562D09 /* ContentView.swift */,
				1A6D9A142C9048F100562D09 /* Assets.xcassets */,
				1A6D9A162C9048F100562D09 /* Preview Content */,
			);
			path = MoviesAppSwiftUICombineApp;
			sourceTree = "<group>";
		};
		1A6D9A162C9048F100562D09 /* Preview Content */ = {
			isa = PBXGroup;
			children = (
				1A6D9A172C9048F100562D09 /* Preview Assets.xcassets */,
			);
			path = "Preview Content";
			sourceTree = "<group>";
		};
		1A6D9A1E2C90496F00562D09 /* Extensions */ = {
			isa = PBXGroup;
			children = (
				1A6D9A1F2C90498E00562D09 /* String+Extensions.swift */,
			);
			path = Extensions;
			sourceTree = "<group>";
		};
		1A6D9A212C9049AE00562D09 /* Clients */ = {
			isa = PBXGroup;
			children = (
				1A6D9A222C9049BB00562D09 /* HTTPClient.swift */,
			);
			path = Clients;
			sourceTree = "<group>";
		};
		1A6D9A242C9049D900562D09 /* Models */ = {
			isa = PBXGroup;
			children = (
				1A6D9A252C9049E400562D09 /* Movie.swift */,
			);
			path = Models;
			sourceTree = "<group>";
		};
/* End PBXGroup section */

/* Begin PBXNativeTarget section */
		1A6D9A0C2C9048EF00562D09 /* MoviesAppSwiftUICombineApp */ = {
			isa = PBXNativeTarget;
			buildConfigurationList = 1A6D9A1B2C9048F100562D09 /* Build configuration list for PBXNativeTarget "MoviesAppSwiftUICombineApp" */;
			buildPhases = (
				1A6D9A092C9048EF00562D09 /* Sources */,
				1A6D9A0A2C9048EF00562D09 /* Frameworks */,
				1A6D9A0B2C9048EF00562D09 /* Resources */,
			);
			buildRules = (
			);
			dependencies = (
			);
			name = MoviesAppSwiftUICombineApp;
			productName = MoviesAppSwiftUICombineApp;
			productReference = 1A6D9A0D2C9048EF00562D09 /* MoviesAppSwiftUICombineApp.app */;
			productType = "com.apple.product-type.application";
		};
		1ADA1E282C92EEC600DF9B15 /* MoviesAppSwiftUICombineAppTests */ = {
			isa = PBXNativeTarget;
			buildConfigurationList = 1ADA1E312C92EEC600DF9B15 /* Build configuration list for PBXNativeTarget "MoviesAppSwiftUICombineAppTests" */;
			buildPhases = (
				1ADA1E252C92EEC600DF9B15 /* Sources */,
				1ADA1E262C92EEC600DF9B15 /* Frameworks */,
				1ADA1E272C92EEC600DF9B15 /* Resources */,
			);
			buildRules = (
			);
			dependencies = (
				1ADA1E2E2C92EEC600DF9B15 /* PBXTargetDependency */,
			);
			fileSystemSynchronizedGroups = (
				1ADA1E2A2C92EEC600DF9B15 /* MoviesAppSwiftUICombineAppTests */,
			);
			name = MoviesAppSwiftUICombineAppTests;
			packageProductDependencies = (
			);
			productName = MoviesAppSwiftUICombineAppTests;
			productReference = 1ADA1E292C92EEC600DF9B15 /* MoviesAppSwiftUICombineAppTests.xctest */;
			productType = "com.apple.product-type.bundle.unit-test";
		};
/* End PBXNativeTarget section */

/* Begin PBXProject section */
		1A6D9A052C9048EF00562D09 /* Project object */ = {
			isa = PBXProject;
			attributes = {
				BuildIndependentTargetsInParallel = 1;
				LastSwiftUpdateCheck = 1600;
				LastUpgradeCheck = 1540;
				TargetAttributes = {
					1A6D9A0C2C9048EF00562D09 = {
						CreatedOnToolsVersion = 15.4;
					};
					1ADA1E282C92EEC600DF9B15 = {
						CreatedOnToolsVersion = 16.0;
						TestTargetID = 1A6D9A0C2C9048EF00562D09;
					};
				};
			};
			buildConfigurationList = 1A6D9A082C9048EF00562D09 /* Build configuration list for PBXProject "MoviesAppSwiftUICombineApp" */;
			compatibilityVersion = "Xcode 14.0";
			developmentRegion = en;
			hasScannedForEncodings = 0;
			knownRegions = (
				en,
				Base,
			);
			mainGroup = 1A6D9A042C9048EF00562D09;
			productRefGroup = 1A6D9A0E2C9048EF00562D09 /* Products */;
			projectDirPath = "";
			projectRoot = "";
			targets = (
				1A6D9A0C2C9048EF00562D09 /* MoviesAppSwiftUICombineApp */,
				1ADA1E282C92EEC600DF9B15 /* MoviesAppSwiftUICombineAppTests */,
			);
		};
/* End PBXProject section */

/* Begin PBXResourcesBuildPhase section */
		1A6D9A0B2C9048EF00562D09 /* Resources */ = {
			isa = PBXResourcesBuildPhase;
			buildActionMask = 2147483647;
			files = (
				1A6D9A182C9048F100562D09 /* Preview Assets.xcassets in Resources */,
				1A6D9A152C9048F100562D09 /* Assets.xcassets in Resources */,
			);
			runOnlyForDeploymentPostprocessing = 0;
		};
		1ADA1E272C92EEC600DF9B15 /* Resources */ = {
			isa = PBXResourcesBuildPhase;
			buildActionMask = 2147483647;
			files = (
			);
			runOnlyForDeploymentPostprocessing = 0;
		};
/* End PBXResourcesBuildPhase section */

/* Begin PBXSourcesBuildPhase section */
		1A6D9A092C9048EF00562D09 /* Sources */ = {
			isa = PBXSourcesBuildPhase;
			buildActionMask = 2147483647;
			files = (
				1A6D9A132C9048EF00562D09 /* ContentView.swift in Sources */,
				1A6D9A202C90498E00562D09 /* String+Extensions.swift in Sources */,
				1A6D9A232C9049BB00562D09 /* HTTPClient.swift in Sources */,
				1A6D9A112C9048EF00562D09 /* MoviesAppSwiftUICombineAppApp.swift in Sources */,
				1A6D9A262C9049E400562D09 /* Movie.swift in Sources */,
			);
			runOnlyForDeploymentPostprocessing = 0;
		};
		1ADA1E252C92EEC600DF9B15 /* Sources */ = {
			isa = PBXSourcesBuildPhase;
			buildActionMask = 2147483647;
			files = (
				1ADA1E342C92EF5E00DF9B15 /* String+Extensions.swift in Sources */,
				1ADA1E322C92EF3E00DF9B15 /* HTTPClient.swift in Sources */,
				1ADA1E332C92EF5000DF9B15 /* Movie.swift in Sources */,
			);
			runOnlyForDeploymentPostprocessing = 0;
		};
/* End PBXSourcesBuildPhase section */

/* Begin PBXTargetDependency section */
		1ADA1E2E2C92EEC600DF9B15 /* PBXTargetDependency */ = {
			isa = PBXTargetDependency;
			target = 1A6D9A0C2C9048EF00562D09 /* MoviesAppSwiftUICombineApp */;
			targetProxy = 1ADA1E2D2C92EEC600DF9B15 /* PBXContainerItemProxy */;
		};
/* End PBXTargetDependency section */

/* Begin XCBuildConfiguration section */
		1A6D9A192C9048F100562D09 /* Debug */ = {
			isa = XCBuildConfiguration;
			buildSettings = {
				ALWAYS_SEARCH_USER_PATHS = NO;
				ASSETCATALOG_COMPILER_GENERATE_SWIFT_ASSET_SYMBOL_EXTENSIONS = YES;
				CLANG_ANALYZER_NONNULL = YES;
				CLANG_ANALYZER_NUMBER_OBJECT_CONVERSION = YES_AGGRESSIVE;
				CLANG_CXX_LANGUAGE_STANDARD = "gnu++20";
				CLANG_ENABLE_MODULES = YES;
				CLANG_ENABLE_OBJC_ARC = YES;
				CLANG_ENABLE_OBJC_WEAK = YES;
				CLANG_WARN_BLOCK_CAPTURE_AUTORELEASING = YES;
				CLANG_WARN_BOOL_CONVERSION = YES;
				CLANG_WARN_COMMA = YES;
				CLANG_WARN_CONSTANT_CONVERSION = YES;
				CLANG_WARN_DEPRECATED_OBJC_IMPLEMENTATIONS = YES;
				CLANG_WARN_DIRECT_OBJC_ISA_USAGE = YES_ERROR;
				CLANG_WARN_DOCUMENTATION_COMMENTS = YES;
				CLANG_WARN_EMPTY_BODY = YES;
				CLANG_WARN_ENUM_CONVERSION = YES;
				CLANG_WARN_INFINITE_RECURSION = YES;
				CLANG_WARN_INT_CONVERSION = YES;
				CLANG_WARN_NON_LITERAL_NULL_CONVERSION = YES;
				CLANG_WARN_OBJC_IMPLICIT_RETAIN_SELF = YES;
				CLANG_WARN_OBJC_LITERAL_CONVERSION = YES;
				CLANG_WARN_OBJC_ROOT_CLASS = YES_ERROR;
				CLANG_WARN_QUOTED_INCLUDE_IN_FRAMEWORK_HEADER = YES;
				CLANG_WARN_RANGE_LOOP_ANALYSIS = YES;
				CLANG_WARN_STRICT_PROTOTYPES = YES;
				CLANG_WARN_SUSPICIOUS_MOVE = YES;
				CLANG_WARN_UNGUARDED_AVAILABILITY = YES_AGGRESSIVE;
				CLANG_WARN_UNREACHABLE_CODE = YES;
				CLANG_WARN__DUPLICATE_METHOD_MATCH = YES;
				COPY_PHASE_STRIP = NO;
				DEBUG_INFORMATION_FORMAT = dwarf;
				ENABLE_STRICT_OBJC_MSGSEND = YES;
				ENABLE_TESTABILITY = YES;
				ENABLE_USER_SCRIPT_SANDBOXING = YES;
				GCC_C_LANGUAGE_STANDARD = gnu17;
				GCC_DYNAMIC_NO_PIC = NO;
				GCC_NO_COMMON_BLOCKS = YES;
				GCC_OPTIMIZATION_LEVEL = 0;
				GCC_PREPROCESSOR_DEFINITIONS = (
					"DEBUG=1",
					"$(inherited)",
				);
				GCC_WARN_64_TO_32_BIT_CONVERSION = YES;
				GCC_WARN_ABOUT_RETURN_TYPE = YES_ERROR;
				GCC_WARN_UNDECLARED_SELECTOR = YES;
				GCC_WARN_UNINITIALIZED_AUTOS = YES_AGGRESSIVE;
				GCC_WARN_UNUSED_FUNCTION = YES;
				GCC_WARN_UNUSED_VARIABLE = YES;
				IPHONEOS_DEPLOYMENT_TARGET = 17.5;
				LOCALIZATION_PREFERS_STRING_CATALOGS = YES;
				MTL_ENABLE_DEBUG_INFO = INCLUDE_SOURCE;
				MTL_FAST_MATH = YES;
				ONLY_ACTIVE_ARCH = YES;
				SDKROOT = iphoneos;
				SWIFT_ACTIVE_COMPILATION_CONDITIONS = "DEBUG $(inherited)";
				SWIFT_OPTIMIZATION_LEVEL = "-Onone";
			};
			name = Debug;
		};
		1A6D9A1A2C9048F100562D09 /* Release */ = {
			isa = XCBuildConfiguration;
			buildSettings = {
				ALWAYS_SEARCH_USER_PATHS = NO;
				ASSETCATALOG_COMPILER_GENERATE_SWIFT_ASSET_SYMBOL_EXTENSIONS = YES;
				CLANG_ANALYZER_NONNULL = YES;
				CLANG_ANALYZER_NUMBER_OBJECT_CONVERSION = YES_AGGRESSIVE;
				CLANG_CXX_LANGUAGE_STANDARD = "gnu++20";
				CLANG_ENABLE_MODULES = YES;
				CLANG_ENABLE_OBJC_ARC = YES;
				CLANG_ENABLE_OBJC_WEAK = YES;
				CLANG_WARN_BLOCK_CAPTURE_AUTORELEASING = YES;
				CLANG_WARN_BOOL_CONVERSION = YES;
				CLANG_WARN_COMMA = YES;
				CLANG_WARN_CONSTANT_CONVERSION = YES;
				CLANG_WARN_DEPRECATED_OBJC_IMPLEMENTATIONS = YES;
				CLANG_WARN_DIRECT_OBJC_ISA_USAGE = YES_ERROR;
				CLANG_WARN_DOCUMENTATION_COMMENTS = YES;
				CLANG_WARN_EMPTY_BODY = YES;
				CLANG_WARN_ENUM_CONVERSION = YES;
				CLANG_WARN_INFINITE_RECURSION = YES;
				CLANG_WARN_INT_CONVERSION = YES;
				CLANG_WARN_NON_LITERAL_NULL_CONVERSION = YES;
				CLANG_WARN_OBJC_IMPLICIT_RETAIN_SELF = YES;
				CLANG_WARN_OBJC_LITERAL_CONVERSION = YES;
				CLANG_WARN_OBJC_ROOT_CLASS = YES_ERROR;
				CLANG_WARN_QUOTED_INCLUDE_IN_FRAMEWORK_HEADER = YES;
				CLANG_WARN_RANGE_LOOP_ANALYSIS = YES;
				CLANG_WARN_STRICT_PROTOTYPES = YES;
				CLANG_WARN_SUSPICIOUS_MOVE = YES;
				CLANG_WARN_UNGUARDED_AVAILABILITY = YES_AGGRESSIVE;
				CLANG_WARN_UNREACHABLE_CODE = YES;
				CLANG_WARN__DUPLICATE_METHOD_MATCH = YES;
				COPY_PHASE_STRIP = NO;
				DEBUG_INFORMATION_FORMAT = "dwarf-with-dsym";
				ENABLE_NS_ASSERTIONS = NO;
				ENABLE_STRICT_OBJC_MSGSEND = YES;
				ENABLE_USER_SCRIPT_SANDBOXING = YES;
				GCC_C_LANGUAGE_STANDARD = gnu17;
				GCC_NO_COMMON_BLOCKS = YES;
				GCC_WARN_64_TO_32_BIT_CONVERSION = YES;
				GCC_WARN_ABOUT_RETURN_TYPE = YES_ERROR;
				GCC_WARN_UNDECLARED_SELECTOR = YES;
				GCC_WARN_UNINITIALIZED_AUTOS = YES_AGGRESSIVE;
				GCC_WARN_UNUSED_FUNCTION = YES;
				GCC_WARN_UNUSED_VARIABLE = YES;
				IPHONEOS_DEPLOYMENT_TARGET = 17.5;
				LOCALIZATION_PREFERS_STRING_CATALOGS = YES;
				MTL_ENABLE_DEBUG_INFO = NO;
				MTL_FAST_MATH = YES;
				SDKROOT = iphoneos;
				SWIFT_COMPILATION_MODE = wholemodule;
				VALIDATE_PRODUCT = YES;
			};
			name = Release;
		};
		1A6D9A1C2C9048F100562D09 /* Debug */ = {
			isa = XCBuildConfiguration;
			buildSettings = {
				ASSETCATALOG_COMPILER_APPICON_NAME = AppIcon;
				ASSETCATALOG_COMPILER_GLOBAL_ACCENT_COLOR_NAME = AccentColor;
				CODE_SIGN_STYLE = Automatic;
				CURRENT_PROJECT_VERSION = 1;
				DEVELOPMENT_ASSET_PATHS = "\"MoviesAppSwiftUICombineApp/Preview Content\"";
				DEVELOPMENT_TEAM = V427YLBNBU;
				ENABLE_PREVIEWS = YES;
				GENERATE_INFOPLIST_FILE = YES;
				INFOPLIST_KEY_UIApplicationSceneManifest_Generation = YES;
				INFOPLIST_KEY_UIApplicationSupportsIndirectInputEvents = YES;
				INFOPLIST_KEY_UILaunchScreen_Generation = YES;
				INFOPLIST_KEY_UISupportedInterfaceOrientations_iPad = "UIInterfaceOrientationPortrait UIInterfaceOrientationPortraitUpsideDown UIInterfaceOrientationLandscapeLeft UIInterfaceOrientationLandscapeRight";
				INFOPLIST_KEY_UISupportedInterfaceOrientations_iPhone = "UIInterfaceOrientationPortrait UIInterfaceOrientationLandscapeLeft UIInterfaceOrientationLandscapeRight";
				LD_RUNPATH_SEARCH_PATHS = (
					"$(inherited)",
					"@executable_path/Frameworks",
				);
				MARKETING_VERSION = 1.0;
				PRODUCT_BUNDLE_IDENTIFIER = com.jmaronde.MoviesAppSwiftUICombineApp;
				PRODUCT_NAME = "$(TARGET_NAME)";
				SWIFT_EMIT_LOC_STRINGS = YES;
				SWIFT_VERSION = 5.0;
				TARGETED_DEVICE_FAMILY = "1,2";
			};
			name = Debug;
		};
		1A6D9A1D2C9048F100562D09 /* Release */ = {
			isa = XCBuildConfiguration;
			buildSettings = {
				ASSETCATALOG_COMPILER_APPICON_NAME = AppIcon;
				ASSETCATALOG_COMPILER_GLOBAL_ACCENT_COLOR_NAME = AccentColor;
				CODE_SIGN_STYLE = Automatic;
				CURRENT_PROJECT_VERSION = 1;
				DEVELOPMENT_ASSET_PATHS = "\"MoviesAppSwiftUICombineApp/Preview Content\"";
				DEVELOPMENT_TEAM = V427YLBNBU;
				ENABLE_PREVIEWS = YES;
				GENERATE_INFOPLIST_FILE = YES;
				INFOPLIST_KEY_UIApplicationSceneManifest_Generation = YES;
				INFOPLIST_KEY_UIApplicationSupportsIndirectInputEvents = YES;
				INFOPLIST_KEY_UILaunchScreen_Generation = YES;
				INFOPLIST_KEY_UISupportedInterfaceOrientations_iPad = "UIInterfaceOrientationPortrait UIInterfaceOrientationPortraitUpsideDown UIInterfaceOrientationLandscapeLeft UIInterfaceOrientationLandscapeRight";
				INFOPLIST_KEY_UISupportedInterfaceOrientations_iPhone = "UIInterfaceOrientationPortrait UIInterfaceOrientationLandscapeLeft UIInterfaceOrientationLandscapeRight";
				LD_RUNPATH_SEARCH_PATHS = (
					"$(inherited)",
					"@executable_path/Frameworks",
				);
				MARKETING_VERSION = 1.0;
				PRODUCT_BUNDLE_IDENTIFIER = com.jmaronde.MoviesAppSwiftUICombineApp;
				PRODUCT_NAME = "$(TARGET_NAME)";
				SWIFT_EMIT_LOC_STRINGS = YES;
				SWIFT_VERSION = 5.0;
				TARGETED_DEVICE_FAMILY = "1,2";
			};
			name = Release;
		};
		1ADA1E2F2C92EEC600DF9B15 /* Debug */ = {
			isa = XCBuildConfiguration;
			buildSettings = {
				BUNDLE_LOADER = "$(TEST_HOST)";
				CODE_SIGN_STYLE = Automatic;
				CURRENT_PROJECT_VERSION = 1;
				DEVELOPMENT_TEAM = V427YLBNBU;
				GENERATE_INFOPLIST_FILE = YES;
				IPHONEOS_DEPLOYMENT_TARGET = 18.0;
				MARKETING_VERSION = 1.0;
				PRODUCT_BUNDLE_IDENTIFIER = com.jmaronde.MoviesAppSwiftUICombineAppTests;
				PRODUCT_NAME = "$(TARGET_NAME)";
				SWIFT_EMIT_LOC_STRINGS = NO;
				SWIFT_VERSION = 5.0;
				TARGETED_DEVICE_FAMILY = "1,2";
				TEST_HOST = "$(BUILT_PRODUCTS_DIR)/MoviesAppSwiftUICombineApp.app/$(BUNDLE_EXECUTABLE_FOLDER_PATH)/MoviesAppSwiftUICombineApp";
			};
			name = Debug;
		};
		1ADA1E302C92EEC600DF9B15 /* Release */ = {
			isa = XCBuildConfiguration;
			buildSettings = {
				BUNDLE_LOADER = "$(TEST_HOST)";
				CODE_SIGN_STYLE = Automatic;
				CURRENT_PROJECT_VERSION = 1;
				DEVELOPMENT_TEAM = V427YLBNBU;
				GENERATE_INFOPLIST_FILE = YES;
				IPHONEOS_DEPLOYMENT_TARGET = 18.0;
				MARKETING_VERSION = 1.0;
				PRODUCT_BUNDLE_IDENTIFIER = com.jmaronde.MoviesAppSwiftUICombineAppTests;
				PRODUCT_NAME = "$(TARGET_NAME)";
				SWIFT_EMIT_LOC_STRINGS = NO;
				SWIFT_VERSION = 5.0;
				TARGETED_DEVICE_FAMILY = "1,2";
				TEST_HOST = "$(BUILT_PRODUCTS_DIR)/MoviesAppSwiftUICombineApp.app/$(BUNDLE_EXECUTABLE_FOLDER_PATH)/MoviesAppSwiftUICombineApp";
			};
			name = Release;
		};
/* End XCBuildConfiguration section */

/* Begin XCConfigurationList section */
		1A6D9A082C9048EF00562D09 /* Build configuration list for PBXProject "MoviesAppSwiftUICombineApp" */ = {
			isa = XCConfigurationList;
			buildConfigurations = (
				1A6D9A192C9048F100562D09 /* Debug */,
				1A6D9A1A2C9048F100562D09 /* Release */,
			);
			defaultConfigurationIsVisible = 0;
			defaultConfigurationName = Release;
		};
		1A6D9A1B2C9048F100562D09 /* Build configuration list for PBXNativeTarget "MoviesAppSwiftUICombineApp" */ = {
			isa = XCConfigurationList;
			buildConfigurations = (
				1A6D9A1C2C9048F100562D09 /* Debug */,
				1A6D9A1D2C9048F100562D09 /* Release */,
			);
			defaultConfigurationIsVisible = 0;
			defaultConfigurationName = Release;
		};
		1ADA1E312C92EEC600DF9B15 /* Build configuration list for PBXNativeTarget "MoviesAppSwiftUICombineAppTests" */ = {
			isa = XCConfigurationList;
			buildConfigurations = (
				1ADA1E2F2C92EEC600DF9B15 /* Debug */,
				1ADA1E302C92EEC600DF9B15 /* Release */,
			);
			defaultConfigurationIsVisible = 0;
			defaultConfigurationName = Release;
		};
/* End XCConfigurationList section */
	};
	rootObject = 1A6D9A052C9048EF00562D09 /* Project object */;
}
